
Microsoft Visual Studio Solution File, Format Version 12.00
# Visual Studio Version 16
VisualStudioVersion = 16.0.31829.152
MinimumVisualStudioVersion = 10.0.40219.1
Project("{8BC9CEB8-8B4A-11D0-8D11-00A0C91BC942}") = "sphinx", "sphinx\sphinx.vcxproj", "{EFDBA2E3-B4F3-46C3-A290-1D782D64DE98}"
EndProject
Global
	GlobalSection(SolutionConfigurationPlatforms) = preSolution
		Debug|x64 = Debug|x64
		Debug|x86 = Debug|x86
		Release|x64 = Release|x64
		Release|x86 = Release|x86
	EndGlobalSection
	GlobalSection(ProjectConfigurationPlatforms) = postSolution
		{EFDBA2E3-B4F3-46C3-A290-1D782D64DE98}.Debug|x64.ActiveCfg = Debug|x64
		{EFDBA2E3-B4F3-46C3-A290-1D782D64DE98}.Debug|x64.Build.0 = Debug|x64
		{EFDBA2E3-B4F3-46C3-A290-1D782D64DE98}.Debug|x86.ActiveCfg = Debug|Win32
		{EFDBA2E3-B4F3-46C3-A290-1D782D64DE98}.Debug|x86.Build.0 = Debug|Win32
		{EFDBA2E3-B4F3-46C3-A290-1D782D64DE98}.Release|x64.ActiveCfg = Release|x64
		{EFDBA2E3-B4F3-46C3-A290-1D782D64DE98}.Release|x64.Build.0 = Release|x64
		{EFDBA2E3-B4F3-46C3-A290-1D782D64DE98}.Release|x86.ActiveCfg = Release|Win32
		{EFDBA2E3-B4F3-46C3-A290-1D782D64DE98}.Release|x86.Build.0 = Release|Win32
	EndGlobalSection
	GlobalSection(SolutionProperties) = preSolution
		HideSolutionNode = FALSE
	EndGlobalSection
	GlobalSection(ExtensibilityGlobals) = postSolution
		SolutionGuid = {A65AF9FF-4B4C-4616-B98A-8B52E82F7916}
	EndGlobalSection
EndGlobal
